
Microsoft Visual Studio Solution File, Format Version 12.00
# Visual Studio Version 16
VisualStudioVersion = 16.0.30204.135
MinimumVisualStudioVersion = 10.0.40219.1
Project("{FAE04EC0-301F-11D3-BF4B-00C04F79EFBC}") = "MVC_Store", "MVC_Store\MVC_Store.csproj", "{3DC5F86A-7FD4-4CA3-B2D2-49DB2B32BB50}"
EndProject
Global
	GlobalSection(SolutionConfigurationPlatforms) = preSolution
		Debug|Any CPU = Debug|Any CPU
		Release|Any CPU = Release|Any CPU
	EndGlobalSection
	GlobalSection(ProjectConfigurationPlatforms) = postSolution
		{3DC5F86A-7FD4-4CA3-B2D2-49DB2B32BB50}.Debug|Any CPU.ActiveCfg = Debug|Any CPU
		{3DC5F86A-7FD4-4CA3-B2D2-49DB2B32BB50}.Debug|Any CPU.Build.0 = Debug|Any CPU
		{3DC5F86A-7FD4-4CA3-B2D2-49DB2B32BB50}.Release|Any CPU.ActiveCfg = Release|Any CPU
		{3DC5F86A-7FD4-4CA3-B2D2-49DB2B32BB50}.Release|Any CPU.Build.0 = Release|Any CPU
	EndGlobalSection
	GlobalSection(SolutionProperties) = preSolution
		HideSolutionNode = FALSE
	EndGlobalSection
	GlobalSection(ExtensibilityGlobals) = postSolution
		SolutionGuid = {AF3D292B-09D9-488D-A85C-97E09EEC7383}
	EndGlobalSection
EndGlobal
